// !$*UTF8*$!
{
	archiveVersion = 1;
	classes = {
	};
	objectVersion = 56;
	objects = {

/* Begin PBXBuildFile section */
		8E30DDB52A290D420070DA0C /* ChessTimerApp.swift in Sources */ = {isa = PBXBuildFile; fileRef = 8E30DDB42A290D420070DA0C /* ChessTimerApp.swift */; };
		8E30DDB72A290D420070DA0C /* ContentView.swift in Sources */ = {isa = PBXBuildFile; fileRef = 8E30DDB62A290D420070DA0C /* ContentView.swift */; };
		8E30DDB92A290D450070DA0C /* Assets.xcassets in Resources */ = {isa = PBXBuildFile; fileRef = 8E30DDB82A290D450070DA0C /* Assets.xcassets */; };
		8E30DDBC2A290D450070DA0C /* Preview Assets.xcassets in Resources */ = {isa = PBXBuildFile; fileRef = 8E30DDBB2A290D450070DA0C /* Preview Assets.xcassets */; };
		8E30DDC72A290D450070DA0C /* ChessTimerTests.swift in Sources */ = {isa = PBXBuildFile; fileRef = 8E30DDC62A290D450070DA0C /* ChessTimerTests.swift */; };
		8E30DDD12A290D450070DA0C /* ChessTimerUITests.swift in Sources */ = {isa = PBXBuildFile; fileRef = 8E30DDD02A290D450070DA0C /* ChessTimerUITests.swift */; };
		8E30DDD32A290D450070DA0C /* ChessTimerUITestsLaunchTests.swift in Sources */ = {isa = PBXBuildFile; fileRef = 8E30DDD22A290D450070DA0C /* ChessTimerUITestsLaunchTests.swift */; };
		8E30DDE32A29102A0070DA0C /* TimerModel.swift in Sources */ = {isa = PBXBuildFile; fileRef = 8E30DDE22A29102A0070DA0C /* TimerModel.swift */; };
		8E30DDE42A29102A0070DA0C /* TimerModel.swift in Sources */ = {isa = PBXBuildFile; fileRef = 8E30DDE22A29102A0070DA0C /* TimerModel.swift */; };
		8E30DDE62A292F230070DA0C /* TimerView.swift in Sources */ = {isa = PBXBuildFile; fileRef = 8E30DDE52A292F230070DA0C /* TimerView.swift */; };
		8E30DDE72A292F230070DA0C /* TimerView.swift in Sources */ = {isa = PBXBuildFile; fileRef = 8E30DDE52A292F230070DA0C /* TimerView.swift */; };
		8E30DDE92A292F9B0070DA0C /* TimerViewModel.swift in Sources */ = {isa = PBXBuildFile; fileRef = 8E30DDE82A292F9B0070DA0C /* TimerViewModel.swift */; };
		8E30DDEA2A292F9B0070DA0C /* TimerViewModel.swift in Sources */ = {isa = PBXBuildFile; fileRef = 8E30DDE82A292F9B0070DA0C /* TimerViewModel.swift */; };
		8E30DDEC2A296D100070DA0C /* TimeSetUpView.swift in Sources */ = {isa = PBXBuildFile; fileRef = 8E30DDEB2A296D100070DA0C /* TimeSetUpView.swift */; };
		8E30DDED2A296D100070DA0C /* TimeSetUpView.swift in Sources */ = {isa = PBXBuildFile; fileRef = 8E30DDEB2A296D100070DA0C /* TimeSetUpView.swift */; };
/* End PBXBuildFile section */

/* Begin PBXContainerItemProxy section */
		8E30DDC32A290D450070DA0C /* PBXContainerItemProxy */ = {
			isa = PBXContainerItemProxy;
			containerPortal = 8E30DDA92A290D420070DA0C /* Project object */;
			proxyType = 1;
			remoteGlobalIDString = 8E30DDB02A290D420070DA0C;
			remoteInfo = ChessTimer;
		};
		8E30DDCD2A290D450070DA0C /* PBXContainerItemProxy */ = {
			isa = PBXContainerItemProxy;
			containerPortal = 8E30DDA92A290D420070DA0C /* Project object */;
			proxyType = 1;
			remoteGlobalIDString = 8E30DDB02A290D420070DA0C;
			remoteInfo = ChessTimer;
		};
/* End PBXContainerItemProxy section */

/* Begin PBXFileReference section */
		8E30DDB12A290D420070DA0C /* ChessTimer.app */ = {isa = PBXFileReference; explicitFileType = wrapper.application; includeInIndex = 0; path = ChessTimer.app; sourceTree = BUILT_PRODUCTS_DIR; };
		8E30DDB42A290D420070DA0C /* ChessTimerApp.swift */ = {isa = PBXFileReference; lastKnownFileType = sourcecode.swift; path = ChessTimerApp.swift; sourceTree = "<group>"; };
		8E30DDB62A290D420070DA0C /* ContentView.swift */ = {isa = PBXFileReference; lastKnownFileType = sourcecode.swift; path = ContentView.swift; sourceTree = "<group>"; };
		8E30DDB82A290D450070DA0C /* Assets.xcassets */ = {isa = PBXFileReference; lastKnownFileType = folder.assetcatalog; path = Assets.xcassets; sourceTree = "<group>"; };
		8E30DDBB2A290D450070DA0C /* Preview Assets.xcassets */ = {isa = PBXFileReference; lastKnownFileType = folder.assetcatalog; path = "Preview Assets.xcassets"; sourceTree = "<group>"; };
		8E30DDBD2A290D450070DA0C /* ChessTimer.entitlements */ = {isa = PBXFileReference; lastKnownFileType = text.plist.entitlements; path = ChessTimer.entitlements; sourceTree = "<group>"; };
		8E30DDC22A290D450070DA0C /* ChessTimerTests.xctest */ = {isa = PBXFileReference; explicitFileType = wrapper.cfbundle; includeInIndex = 0; path = ChessTimerTests.xctest; sourceTree = BUILT_PRODUCTS_DIR; };
		8E30DDC62A290D450070DA0C /* ChessTimerTests.swift */ = {isa = PBXFileReference; lastKnownFileType = sourcecode.swift; path = ChessTimerTests.swift; sourceTree = "<group>"; };
		8E30DDCC2A290D450070DA0C /* ChessTimerUITests.xctest */ = {isa = PBXFileReference; explicitFileType = wrapper.cfbundle; includeInIndex = 0; path = ChessTimerUITests.xctest; sourceTree = BUILT_PRODUCTS_DIR; };
		8E30DDD02A290D450070DA0C /* ChessTimerUITests.swift */ = {isa = PBXFileReference; lastKnownFileType = sourcecode.swift; path = ChessTimerUITests.swift; sourceTree = "<group>"; };
		8E30DDD22A290D450070DA0C /* ChessTimerUITestsLaunchTests.swift */ = {isa = PBXFileReference; lastKnownFileType = sourcecode.swift; path = ChessTimerUITestsLaunchTests.swift; sourceTree = "<group>"; };
		8E30DDE22A29102A0070DA0C /* TimerModel.swift */ = {isa = PBXFileReference; lastKnownFileType = sourcecode.swift; path = TimerModel.swift; sourceTree = "<group>"; };
		8E30DDE52A292F230070DA0C /* TimerView.swift */ = {isa = PBXFileReference; lastKnownFileType = sourcecode.swift; path = TimerView.swift; sourceTree = "<group>"; };
		8E30DDE82A292F9B0070DA0C /* TimerViewModel.swift */ = {isa = PBXFileReference; lastKnownFileType = sourcecode.swift; path = TimerViewModel.swift; sourceTree = "<group>"; };
		8E30DDEB2A296D100070DA0C /* TimeSetUpView.swift */ = {isa = PBXFileReference; lastKnownFileType = sourcecode.swift; path = TimeSetUpView.swift; sourceTree = "<group>"; };
/* End PBXFileReference section */

/* Begin PBXFrameworksBuildPhase section */
		8E30DDAE2A290D420070DA0C /* Frameworks */ = {
			isa = PBXFrameworksBuildPhase;
			buildActionMask = 2147483647;
			files = (
			);
			runOnlyForDeploymentPostprocessing = 0;
		};
		8E30DDBF2A290D450070DA0C /* Frameworks */ = {
			isa = PBXFrameworksBuildPhase;
			buildActionMask = 2147483647;
			files = (
			);
			runOnlyForDeploymentPostprocessing = 0;
		};
		8E30DDC92A290D450070DA0C /* Frameworks */ = {
			isa = PBXFrameworksBuildPhase;
			buildActionMask = 2147483647;
			files = (
			);
			runOnlyForDeploymentPostprocessing = 0;
		};
/* End PBXFrameworksBuildPhase section */

/* Begin PBXGroup section */
		8E30DDA82A290D420070DA0C = {
			isa = PBXGroup;
			children = (
				8E30DDB32A290D420070DA0C /* ChessTimer */,
				8E30DDC52A290D450070DA0C /* ChessTimerTests */,
				8E30DDCF2A290D450070DA0C /* ChessTimerUITests */,
				8E30DDB22A290D420070DA0C /* Products */,
			);
			sourceTree = "<group>";
		};
		8E30DDB22A290D420070DA0C /* Products */ = {
			isa = PBXGroup;
			children = (
				8E30DDB12A290D420070DA0C /* ChessTimer.app */,
				8E30DDC22A290D450070DA0C /* ChessTimerTests.xctest */,
				8E30DDCC2A290D450070DA0C /* ChessTimerUITests.xctest */,
			);
			name = Products;
			sourceTree = "<group>";
		};
		8E30DDB32A290D420070DA0C /* ChessTimer */ = {
			isa = PBXGroup;
			children = (
				8E30DDE12A290EEE0070DA0C /* ViewModel */,
				8E30DDE02A290EE40070DA0C /* View */,
				8E30DDDF2A290ED00070DA0C /* Model */,
				8E30DDB42A290D420070DA0C /* ChessTimerApp.swift */,
				8E30DDB62A290D420070DA0C /* ContentView.swift */,
				8E30DDB82A290D450070DA0C /* Assets.xcassets */,
				8E30DDBD2A290D450070DA0C /* ChessTimer.entitlements */,
				8E30DDBA2A290D450070DA0C /* Preview Content */,
			);
			path = ChessTimer;
			sourceTree = "<group>";
		};
		8E30DDBA2A290D450070DA0C /* Preview Content */ = {
			isa = PBXGroup;
			children = (
				8E30DDBB2A290D450070DA0C /* Preview Assets.xcassets */,
			);
			path = "Preview Content";
			sourceTree = "<group>";
		};
		8E30DDC52A290D450070DA0C /* ChessTimerTests */ = {
			isa = PBXGroup;
			children = (
				8E30DDC62A290D450070DA0C /* ChessTimerTests.swift */,
			);
			path = ChessTimerTests;
			sourceTree = "<group>";
		};
		8E30DDCF2A290D450070DA0C /* ChessTimerUITests */ = {
			isa = PBXGroup;
			children = (
				8E30DDD02A290D450070DA0C /* ChessTimerUITests.swift */,
				8E30DDD22A290D450070DA0C /* ChessTimerUITestsLaunchTests.swift */,
			);
			path = ChessTimerUITests;
			sourceTree = "<group>";
		};
		8E30DDDF2A290ED00070DA0C /* Model */ = {
			isa = PBXGroup;
			children = (
				8E30DDE22A29102A0070DA0C /* TimerModel.swift */,
			);
			path = Model;
			sourceTree = "<group>";
		};
		8E30DDE02A290EE40070DA0C /* View */ = {
			isa = PBXGroup;
			children = (
				8E30DDE52A292F230070DA0C /* TimerView.swift */,
				8E30DDEB2A296D100070DA0C /* TimeSetUpView.swift */,
			);
			path = View;
			sourceTree = "<group>";
		};
		8E30DDE12A290EEE0070DA0C /* ViewModel */ = {
			isa = PBXGroup;
			children = (
				8E30DDE82A292F9B0070DA0C /* TimerViewModel.swift */,
			);
			path = ViewModel;
			sourceTree = "<group>";
		};
/* End PBXGroup section */

/* Begin PBXNativeTarget section */
		8E30DDB02A290D420070DA0C /* ChessTimer */ = {
			isa = PBXNativeTarget;
			buildConfigurationList = 8E30DDD62A290D450070DA0C /* Build configuration list for PBXNativeTarget "ChessTimer" */;
			buildPhases = (
				8E30DDAD2A290D420070DA0C /* Sources */,
				8E30DDAE2A290D420070DA0C /* Frameworks */,
				8E30DDAF2A290D420070DA0C /* Resources */,
			);
			buildRules = (
			);
			dependencies = (
			);
			name = ChessTimer;
			productName = ChessTimer;
			productReference = 8E30DDB12A290D420070DA0C /* ChessTimer.app */;
			productType = "com.apple.product-type.application";
		};
		8E30DDC12A290D450070DA0C /* ChessTimerTests */ = {
			isa = PBXNativeTarget;
			buildConfigurationList = 8E30DDD92A290D450070DA0C /* Build configuration list for PBXNativeTarget "ChessTimerTests" */;
			buildPhases = (
				8E30DDBE2A290D450070DA0C /* Sources */,
				8E30DDBF2A290D450070DA0C /* Frameworks */,
				8E30DDC02A290D450070DA0C /* Resources */,
			);
			buildRules = (
			);
			dependencies = (
				8E30DDC42A290D450070DA0C /* PBXTargetDependency */,
			);
			name = ChessTimerTests;
			productName = ChessTimerTests;
			productReference = 8E30DDC22A290D450070DA0C /* ChessTimerTests.xctest */;
			productType = "com.apple.product-type.bundle.unit-test";
		};
		8E30DDCB2A290D450070DA0C /* ChessTimerUITests */ = {
			isa = PBXNativeTarget;
			buildConfigurationList = 8E30DDDC2A290D450070DA0C /* Build configuration list for PBXNativeTarget "ChessTimerUITests" */;
			buildPhases = (
				8E30DDC82A290D450070DA0C /* Sources */,
				8E30DDC92A290D450070DA0C /* Frameworks */,
				8E30DDCA2A290D450070DA0C /* Resources */,
			);
			buildRules = (
			);
			dependencies = (
				8E30DDCE2A290D450070DA0C /* PBXTargetDependency */,
			);
			name = ChessTimerUITests;
			productName = ChessTimerUITests;
			productReference = 8E30DDCC2A290D450070DA0C /* ChessTimerUITests.xctest */;
			productType = "com.apple.product-type.bundle.ui-testing";
		};
/* End PBXNativeTarget section */

/* Begin PBXProject section */
		8E30DDA92A290D420070DA0C /* Project object */ = {
			isa = PBXProject;
			attributes = {
				BuildIndependentTargetsInParallel = 1;
				LastSwiftUpdateCheck = 1430;
				LastUpgradeCheck = 1430;
				TargetAttributes = {
					8E30DDB02A290D420070DA0C = {
						CreatedOnToolsVersion = 14.3;
					};
					8E30DDC12A290D450070DA0C = {
						CreatedOnToolsVersion = 14.3;
						TestTargetID = 8E30DDB02A290D420070DA0C;
					};
					8E30DDCB2A290D450070DA0C = {
						CreatedOnToolsVersion = 14.3;
						TestTargetID = 8E30DDB02A290D420070DA0C;
					};
				};
			};
			buildConfigurationList = 8E30DDAC2A290D420070DA0C /* Build configuration list for PBXProject "ChessTimer" */;
			compatibilityVersion = "Xcode 14.0";
			developmentRegion = en;
			hasScannedForEncodings = 0;
			knownRegions = (
				en,
				Base,
			);
			mainGroup = 8E30DDA82A290D420070DA0C;
			productRefGroup = 8E30DDB22A290D420070DA0C /* Products */;
			projectDirPath = "";
			projectRoot = "";
			targets = (
				8E30DDB02A290D420070DA0C /* ChessTimer */,
				8E30DDC12A290D450070DA0C /* ChessTimerTests */,
				8E30DDCB2A290D450070DA0C /* ChessTimerUITests */,
			);
		};
/* End PBXProject section */

/* Begin PBXResourcesBuildPhase section */
		8E30DDAF2A290D420070DA0C /* Resources */ = {
			isa = PBXResourcesBuildPhase;
			buildActionMask = 2147483647;
			files = (
				8E30DDBC2A290D450070DA0C /* Preview Assets.xcassets in Resources */,
				8E30DDB92A290D450070DA0C /* Assets.xcassets in Resources */,
			);
			runOnlyForDeploymentPostprocessing = 0;
		};
		8E30DDC02A290D450070DA0C /* Resources */ = {
			isa = PBXResourcesBuildPhase;
			buildActionMask = 2147483647;
			files = (
			);
			runOnlyForDeploymentPostprocessing = 0;
		};
		8E30DDCA2A290D450070DA0C /* Resources */ = {
			isa = PBXResourcesBuildPhase;
			buildActionMask = 2147483647;
			files = (
			);
			runOnlyForDeploymentPostprocessing = 0;
		};
/* End PBXResourcesBuildPhase section */

/* Begin PBXSourcesBuildPhase section */
		8E30DDAD2A290D420070DA0C /* Sources */ = {
			isa = PBXSourcesBuildPhase;
			buildActionMask = 2147483647;
			files = (
				8E30DDE92A292F9B0070DA0C /* TimerViewModel.swift in Sources */,
				8E30DDE32A29102A0070DA0C /* TimerModel.swift in Sources */,
				8E30DDB72A290D420070DA0C /* ContentView.swift in Sources */,
				8E30DDE62A292F230070DA0C /* TimerView.swift in Sources */,
				8E30DDB52A290D420070DA0C /* ChessTimerApp.swift in Sources */,
				8E30DDEC2A296D100070DA0C /* TimeSetUpView.swift in Sources */,
			);
			runOnlyForDeploymentPostprocessing = 0;
		};
		8E30DDBE2A290D450070DA0C /* Sources */ = {
			isa = PBXSourcesBuildPhase;
			buildActionMask = 2147483647;
			files = (
				8E30DDEA2A292F9B0070DA0C /* TimerViewModel.swift in Sources */,
				8E30DDE72A292F230070DA0C /* TimerView.swift in Sources */,
				8E30DDC72A290D450070DA0C /* ChessTimerTests.swift in Sources */,
				8E30DDED2A296D100070DA0C /* TimeSetUpView.swift in Sources */,
				8E30DDE42A29102A0070DA0C /* TimerModel.swift in Sources */,
			);
			runOnlyForDeploymentPostprocessing = 0;
		};
		8E30DDC82A290D450070DA0C /* Sources */ = {
			isa = PBXSourcesBuildPhase;
			buildActionMask = 2147483647;
			files = (
				8E30DDD12A290D450070DA0C /* ChessTimerUITests.swift in Sources */,
				8E30DDD32A290D450070DA0C /* ChessTimerUITestsLaunchTests.swift in Sources */,
			);
			runOnlyForDeploymentPostprocessing = 0;
		};
/* End PBXSourcesBuildPhase section */

/* Begin PBXTargetDependency section */
		8E30DDC42A290D450070DA0C /* PBXTargetDependency */ = {
			isa = PBXTargetDependency;
			target = 8E30DDB02A290D420070DA0C /* ChessTimer */;
			targetProxy = 8E30DDC32A290D450070DA0C /* PBXContainerItemProxy */;
		};
		8E30DDCE2A290D450070DA0C /* PBXTargetDependency */ = {
			isa = PBXTargetDependency;
			target = 8E30DDB02A290D420070DA0C /* ChessTimer */;
			targetProxy = 8E30DDCD2A290D450070DA0C /* PBXContainerItemProxy */;
		};
/* End PBXTargetDependency section */

/* Begin XCBuildConfiguration section */
		8E30DDD42A290D450070DA0C /* Debug */ = {
			isa = XCBuildConfiguration;
			buildSettings = {
				ALWAYS_SEARCH_USER_PATHS = NO;
				CLANG_ANALYZER_NONNULL = YES;
				CLANG_ANALYZER_NUMBER_OBJECT_CONVERSION = YES_AGGRESSIVE;
				CLANG_CXX_LANGUAGE_STANDARD = "gnu++20";
				CLANG_ENABLE_MODULES = YES;
				CLANG_ENABLE_OBJC_ARC = YES;
				CLANG_ENABLE_OBJC_WEAK = YES;
				CLANG_WARN_BLOCK_CAPTURE_AUTORELEASING = YES;
				CLANG_WARN_BOOL_CONVERSION = YES;
				CLANG_WARN_COMMA = YES;
				CLANG_WARN_CONSTANT_CONVERSION = YES;
				CLANG_WARN_DEPRECATED_OBJC_IMPLEMENTATIONS = YES;
				CLANG_WARN_DIRECT_OBJC_ISA_USAGE = YES_ERROR;
				CLANG_WARN_DOCUMENTATION_COMMENTS = YES;
				CLANG_WARN_EMPTY_BODY = YES;
				CLANG_WARN_ENUM_CONVERSION = YES;
				CLANG_WARN_INFINITE_RECURSION = YES;
				CLANG_WARN_INT_CONVERSION = YES;
				CLANG_WARN_NON_LITERAL_NULL_CONVERSION = YES;
				CLANG_WARN_OBJC_IMPLICIT_RETAIN_SELF = YES;
				CLANG_WARN_OBJC_LITERAL_CONVERSION = YES;
				CLANG_WARN_OBJC_ROOT_CLASS = YES_ERROR;
				CLANG_WARN_QUOTED_INCLUDE_IN_FRAMEWORK_HEADER = YES;
				CLANG_WARN_RANGE_LOOP_ANALYSIS = YES;
				CLANG_WARN_STRICT_PROTOTYPES = YES;
				CLANG_WARN_SUSPICIOUS_MOVE = YES;
				CLANG_WARN_UNGUARDED_AVAILABILITY = YES_AGGRESSIVE;
				CLANG_WARN_UNREACHABLE_CODE = YES;
				CLANG_WARN__DUPLICATE_METHOD_MATCH = YES;
				COPY_PHASE_STRIP = NO;
				DEBUG_INFORMATION_FORMAT = dwarf;
				ENABLE_STRICT_OBJC_MSGSEND = YES;
				ENABLE_TESTABILITY = YES;
				GCC_C_LANGUAGE_STANDARD = gnu11;
				GCC_DYNAMIC_NO_PIC = NO;
				GCC_NO_COMMON_BLOCKS = YES;
				GCC_OPTIMIZATION_LEVEL = 0;
				GCC_PREPROCESSOR_DEFINITIONS = (
					"DEBUG=1",
					"$(inherited)",
				);
				GCC_WARN_64_TO_32_BIT_CONVERSION = YES;
				GCC_WARN_ABOUT_RETURN_TYPE = YES_ERROR;
				GCC_WARN_UNDECLARED_SELECTOR = YES;
				GCC_WARN_UNINITIALIZED_AUTOS = YES_AGGRESSIVE;
				GCC_WARN_UNUSED_FUNCTION = YES;
				GCC_WARN_UNUSED_VARIABLE = YES;
				MACOSX_DEPLOYMENT_TARGET = 13.3;
				MTL_ENABLE_DEBUG_INFO = INCLUDE_SOURCE;
				MTL_FAST_MATH = YES;
				ONLY_ACTIVE_ARCH = YES;
				SDKROOT = macosx;
				SWIFT_ACTIVE_COMPILATION_CONDITIONS = DEBUG;
				SWIFT_OPTIMIZATION_LEVEL = "-Onone";
			};
			name = Debug;
		};
		8E30DDD52A290D450070DA0C /* Release */ = {
			isa = XCBuildConfiguration;
			buildSettings = {
				ALWAYS_SEARCH_USER_PATHS = NO;
				CLANG_ANALYZER_NONNULL = YES;
				CLANG_ANALYZER_NUMBER_OBJECT_CONVERSION = YES_AGGRESSIVE;
				CLANG_CXX_LANGUAGE_STANDARD = "gnu++20";
				CLANG_ENABLE_MODULES = YES;
				CLANG_ENABLE_OBJC_ARC = YES;
				CLANG_ENABLE_OBJC_WEAK = YES;
				CLANG_WARN_BLOCK_CAPTURE_AUTORELEASING = YES;
				CLANG_WARN_BOOL_CONVERSION = YES;
				CLANG_WARN_COMMA = YES;
				CLANG_WARN_CONSTANT_CONVERSION = YES;
				CLANG_WARN_DEPRECATED_OBJC_IMPLEMENTATIONS = YES;
				CLANG_WARN_DIRECT_OBJC_ISA_USAGE = YES_ERROR;
				CLANG_WARN_DOCUMENTATION_COMMENTS = YES;
				CLANG_WARN_EMPTY_BODY = YES;
				CLANG_WARN_ENUM_CONVERSION = YES;
				CLANG_WARN_INFINITE_RECURSION = YES;
				CLANG_WARN_INT_CONVERSION = YES;
				CLANG_WARN_NON_LITERAL_NULL_CONVERSION = YES;
				CLANG_WARN_OBJC_IMPLICIT_RETAIN_SELF = YES;
				CLANG_WARN_OBJC_LITERAL_CONVERSION = YES;
				CLANG_WARN_OBJC_ROOT_CLASS = YES_ERROR;
				CLANG_WARN_QUOTED_INCLUDE_IN_FRAMEWORK_HEADER = YES;
				CLANG_WARN_RANGE_LOOP_ANALYSIS = YES;
				CLANG_WARN_STRICT_PROTOTYPES = YES;
				CLANG_WARN_SUSPICIOUS_MOVE = YES;
				CLANG_WARN_UNGUARDED_AVAILABILITY = YES_AGGRESSIVE;
				CLANG_WARN_UNREACHABLE_CODE = YES;
				CLANG_WARN__DUPLICATE_METHOD_MATCH = YES;
				COPY_PHASE_STRIP = NO;
				DEBUG_INFORMATION_FORMAT = "dwarf-with-dsym";
				ENABLE_NS_ASSERTIONS = NO;
				ENABLE_STRICT_OBJC_MSGSEND = YES;
				GCC_C_LANGUAGE_STANDARD = gnu11;
				GCC_NO_COMMON_BLOCKS = YES;
				GCC_WARN_64_TO_32_BIT_CONVERSION = YES;
				GCC_WARN_ABOUT_RETURN_TYPE = YES_ERROR;
				GCC_WARN_UNDECLARED_SELECTOR = YES;
				GCC_WARN_UNINITIALIZED_AUTOS = YES_AGGRESSIVE;
				GCC_WARN_UNUSED_FUNCTION = YES;
				GCC_WARN_UNUSED_VARIABLE = YES;
				MACOSX_DEPLOYMENT_TARGET = 13.3;
				MTL_ENABLE_DEBUG_INFO = NO;
				MTL_FAST_MATH = YES;
				SDKROOT = macosx;
				SWIFT_COMPILATION_MODE = wholemodule;
				SWIFT_OPTIMIZATION_LEVEL = "-O";
			};
			name = Release;
		};
		8E30DDD72A290D450070DA0C /* Debug */ = {
			isa = XCBuildConfiguration;
			buildSettings = {
				ASSETCATALOG_COMPILER_APPICON_NAME = AppIcon;
				ASSETCATALOG_COMPILER_GLOBAL_ACCENT_COLOR_NAME = AccentColor;
				CODE_SIGN_ENTITLEMENTS = ChessTimer/ChessTimer.entitlements;
				CODE_SIGN_STYLE = Automatic;
				COMBINE_HIDPI_IMAGES = YES;
				CURRENT_PROJECT_VERSION = 1;
				DEVELOPMENT_ASSET_PATHS = "\"ChessTimer/Preview Content\"";
				DEVELOPMENT_TEAM = TVFW2DKZ2U;
				ENABLE_HARDENED_RUNTIME = YES;
				ENABLE_PREVIEWS = YES;
				GENERATE_INFOPLIST_FILE = YES;
				INFOPLIST_KEY_NSHumanReadableCopyright = "";
				LD_RUNPATH_SEARCH_PATHS = (
					"$(inherited)",
					"@executable_path/../Frameworks",
				);
				MARKETING_VERSION = 1.0;
				PRODUCT_BUNDLE_IDENTIFIER = crypticminds.ChessTimer;
				PRODUCT_NAME = "$(TARGET_NAME)";
				SWIFT_EMIT_LOC_STRINGS = YES;
				SWIFT_VERSION = 5.0;
			};
			name = Debug;
		};
		8E30DDD82A290D450070DA0C /* Release */ = {
			isa = XCBuildConfiguration;
			buildSettings = {
				ASSETCATALOG_COMPILER_APPICON_NAME = AppIcon;
				ASSETCATALOG_COMPILER_GLOBAL_ACCENT_COLOR_NAME = AccentColor;
				CODE_SIGN_ENTITLEMENTS = ChessTimer/ChessTimer.entitlements;
				CODE_SIGN_STYLE = Automatic;
				COMBINE_HIDPI_IMAGES = YES;
				CURRENT_PROJECT_VERSION = 1;
				DEVELOPMENT_ASSET_PATHS = "\"ChessTimer/Preview Content\"";
				DEVELOPMENT_TEAM = TVFW2DKZ2U;
				ENABLE_HARDENED_RUNTIME = YES;
				ENABLE_PREVIEWS = YES;
				GENERATE_INFOPLIST_FILE = YES;
				INFOPLIST_KEY_NSHumanReadableCopyright = "";
				LD_RUNPATH_SEARCH_PATHS = (
					"$(inherited)",
					"@executable_path/../Frameworks",
				);
				MARKETING_VERSION = 1.0;
				PRODUCT_BUNDLE_IDENTIFIER = crypticminds.ChessTimer;
				PRODUCT_NAME = "$(TARGET_NAME)";
				SWIFT_EMIT_LOC_STRINGS = YES;
				SWIFT_VERSION = 5.0;
			};
			name = Release;
		};
		8E30DDDA2A290D450070DA0C /* Debug */ = {
			isa = XCBuildConfiguration;
			buildSettings = {
				ALWAYS_EMBED_SWIFT_STANDARD_LIBRARIES = YES;
				BUNDLE_LOADER = "$(TEST_HOST)";
				CODE_SIGN_STYLE = Automatic;
				CURRENT_PROJECT_VERSION = 1;
				DEVELOPMENT_TEAM = TVFW2DKZ2U;
				GENERATE_INFOPLIST_FILE = YES;
				MACOSX_DEPLOYMENT_TARGET = 13.3;
				MARKETING_VERSION = 1.0;
				PRODUCT_BUNDLE_IDENTIFIER = crypticminds.ChessTimerTests;
				PRODUCT_NAME = "$(TARGET_NAME)";
				SWIFT_EMIT_LOC_STRINGS = NO;
				SWIFT_VERSION = 5.0;
				TEST_HOST = "$(BUILT_PRODUCTS_DIR)/ChessTimer.app/$(BUNDLE_EXECUTABLE_FOLDER_PATH)/ChessTimer";
			};
			name = Debug;
		};
		8E30DDDB2A290D450070DA0C /* Release */ = {
			isa = XCBuildConfiguration;
			buildSettings = {
				ALWAYS_EMBED_SWIFT_STANDARD_LIBRARIES = YES;
				BUNDLE_LOADER = "$(TEST_HOST)";
				CODE_SIGN_STYLE = Automatic;
				CURRENT_PROJECT_VERSION = 1;
				DEVELOPMENT_TEAM = TVFW2DKZ2U;
				GENERATE_INFOPLIST_FILE = YES;
				MACOSX_DEPLOYMENT_TARGET = 13.3;
				MARKETING_VERSION = 1.0;
				PRODUCT_BUNDLE_IDENTIFIER = crypticminds.ChessTimerTests;
				PRODUCT_NAME = "$(TARGET_NAME)";
				SWIFT_EMIT_LOC_STRINGS = NO;
				SWIFT_VERSION = 5.0;
				TEST_HOST = "$(BUILT_PRODUCTS_DIR)/ChessTimer.app/$(BUNDLE_EXECUTABLE_FOLDER_PATH)/ChessTimer";
			};
			name = Release;
		};
		8E30DDDD2A290D450070DA0C /* Debug */ = {
			isa = XCBuildConfiguration;
			buildSettings = {
				ALWAYS_EMBED_SWIFT_STANDARD_LIBRARIES = YES;
				CODE_SIGN_STYLE = Automatic;
				CURRENT_PROJECT_VERSION = 1;
				DEVELOPMENT_TEAM = TVFW2DKZ2U;
				GENERATE_INFOPLIST_FILE = YES;
				MARKETING_VERSION = 1.0;
				PRODUCT_BUNDLE_IDENTIFIER = crypticminds.ChessTimerUITests;
				PRODUCT_NAME = "$(TARGET_NAME)";
				SWIFT_EMIT_LOC_STRINGS = NO;
				SWIFT_VERSION = 5.0;
				TEST_TARGET_NAME = ChessTimer;
			};
			name = Debug;
		};
		8E30DDDE2A290D450070DA0C /* Release */ = {
			isa = XCBuildConfiguration;
			buildSettings = {
				ALWAYS_EMBED_SWIFT_STANDARD_LIBRARIES = YES;
				CODE_SIGN_STYLE = Automatic;
				CURRENT_PROJECT_VERSION = 1;
				DEVELOPMENT_TEAM = TVFW2DKZ2U;
				GENERATE_INFOPLIST_FILE = YES;
				MARKETING_VERSION = 1.0;
				PRODUCT_BUNDLE_IDENTIFIER = crypticminds.ChessTimerUITests;
				PRODUCT_NAME = "$(TARGET_NAME)";
				SWIFT_EMIT_LOC_STRINGS = NO;
				SWIFT_VERSION = 5.0;
				TEST_TARGET_NAME = ChessTimer;
			};
			name = Release;
		};
/* End XCBuildConfiguration section */

/* Begin XCConfigurationList section */
		8E30DDAC2A290D420070DA0C /* Build configuration list for PBXProject "ChessTimer" */ = {
			isa = XCConfigurationList;
			buildConfigurations = (
				8E30DDD42A290D450070DA0C /* Debug */,
				8E30DDD52A290D450070DA0C /* Release */,
			);
			defaultConfigurationIsVisible = 0;
			defaultConfigurationName = Release;
		};
		8E30DDD62A290D450070DA0C /* Build configuration list for PBXNativeTarget "ChessTimer" */ = {
			isa = XCConfigurationList;
			buildConfigurations = (
				8E30DDD72A290D450070DA0C /* Debug */,
				8E30DDD82A290D450070DA0C /* Release */,
			);
			defaultConfigurationIsVisible = 0;
			defaultConfigurationName = Release;
		};
		8E30DDD92A290D450070DA0C /* Build configuration list for PBXNativeTarget "ChessTimerTests" */ = {
			isa = XCConfigurationList;
			buildConfigurations = (
				8E30DDDA2A290D450070DA0C /* Debug */,
				8E30DDDB2A290D450070DA0C /* Release */,
			);
			defaultConfigurationIsVisible = 0;
			defaultConfigurationName = Release;
		};
		8E30DDDC2A290D450070DA0C /* Build configuration list for PBXNativeTarget "ChessTimerUITests" */ = {
			isa = XCConfigurationList;
			buildConfigurations = (
				8E30DDDD2A290D450070DA0C /* Debug */,
				8E30DDDE2A290D450070DA0C /* Release */,
			);
			defaultConfigurationIsVisible = 0;
			defaultConfigurationName = Release;
		};
/* End XCConfigurationList section */
	};
	rootObject = 8E30DDA92A290D420070DA0C /* Project object */;
}
